// !$*UTF8*$!
{
	archiveVersion = 1;
	classes = {
	};
	objectVersion = 77;
	objects = {

/* Begin PBXBuildFile section */
		3F0CE7302DBE03DA00C20C7E /* SwiftyLua in Frameworks */ = {isa = PBXBuildFile; productRef = 3F0CE72F2DBE03DA00C20C7E /* SwiftyLua */; };
		3F0CE7392DBE071B00C20C7E /* CodeEditorView in Frameworks */ = {isa = PBXBuildFile; productRef = 3F0CE7382DBE071B00C20C7E /* CodeEditorView */; };
		3F0CE73B2DBE071B00C20C7E /* LanguageSupport in Frameworks */ = {isa = PBXBuildFile; productRef = 3F0CE73A2DBE071B00C20C7E /* LanguageSupport */; };
		3F0CE8B32DBE1CBA00C20C7E /* README.md in Resources */ = {isa = PBXBuildFile; fileRef = 3F0CE8B22DBE1CB500C20C7E /* README.md */; };
/* End PBXBuildFile section */

/* Begin PBXContainerItemProxy section */
		3F0CE7122DBE039800C20C7E /* PBXContainerItemProxy */ = {
			isa = PBXContainerItemProxy;
			containerPortal = 3F0CE6FB2DBE039400C20C7E /* Project object */;
			proxyType = 1;
			remoteGlobalIDString = 3F0CE7022DBE039400C20C7E;
			remoteInfo = "Hackers Evolution";
		};
		3F0CE71C2DBE039800C20C7E /* PBXContainerItemProxy */ = {
			isa = PBXContainerItemProxy;
			containerPortal = 3F0CE6FB2DBE039400C20C7E /* Project object */;
			proxyType = 1;
			remoteGlobalIDString = 3F0CE7022DBE039400C20C7E;
			remoteInfo = "Hackers Evolution";
		};
/* End PBXContainerItemProxy section */

/* Begin PBXFileReference section */
		3F0CE7032DBE039400C20C7E /* Hackers Evolution.app */ = {isa = PBXFileReference; explicitFileType = wrapper.application; includeInIndex = 0; path = "Hackers Evolution.app"; sourceTree = BUILT_PRODUCTS_DIR; };
		3F0CE7112DBE039800C20C7E /* Hackers EvolutionTests.xctest */ = {isa = PBXFileReference; explicitFileType = wrapper.cfbundle; includeInIndex = 0; path = "Hackers EvolutionTests.xctest"; sourceTree = BUILT_PRODUCTS_DIR; };
		3F0CE71B2DBE039800C20C7E /* Hackers EvolutionUITests.xctest */ = {isa = PBXFileReference; explicitFileType = wrapper.cfbundle; includeInIndex = 0; path = "Hackers EvolutionUITests.xctest"; sourceTree = BUILT_PRODUCTS_DIR; };
		3F0CE8B22DBE1CB500C20C7E /* README.md */ = {isa = PBXFileReference; lastKnownFileType = net.daringfireball.markdown; path = README.md; sourceTree = "<group>"; };
/* End PBXFileReference section */

/* Begin PBXFileSystemSynchronizedRootGroup section */
		3F0CE7052DBE039400C20C7E /* Hackers Evolution */ = {
			isa = PBXFileSystemSynchronizedRootGroup;
			path = "Hackers Evolution";
			sourceTree = "<group>";
		};
		3F0CE7142DBE039800C20C7E /* Hackers EvolutionTests */ = {
			isa = PBXFileSystemSynchronizedRootGroup;
			path = "Hackers EvolutionTests";
			sourceTree = "<group>";
		};
		3F0CE71E2DBE039800C20C7E /* Hackers EvolutionUITests */ = {
			isa = PBXFileSystemSynchronizedRootGroup;
			path = "Hackers EvolutionUITests";
			sourceTree = "<group>";
		};
/* End PBXFileSystemSynchronizedRootGroup section */

/* Begin PBXFrameworksBuildPhase section */
		3F0CE7002DBE039400C20C7E /* Frameworks */ = {
			isa = PBXFrameworksBuildPhase;
			buildActionMask = 2147483647;
			files = (
				3F0CE7302DBE03DA00C20C7E /* SwiftyLua in Frameworks */,
				3F0CE73B2DBE071B00C20C7E /* LanguageSupport in Frameworks */,
				3F0CE7392DBE071B00C20C7E /* CodeEditorView in Frameworks */,
			);
			runOnlyForDeploymentPostprocessing = 0;
		};
		3F0CE70E2DBE039800C20C7E /* Frameworks */ = {
			isa = PBXFrameworksBuildPhase;
			buildActionMask = 2147483647;
			files = (
			);
			runOnlyForDeploymentPostprocessing = 0;
		};
		3F0CE7182DBE039800C20C7E /* Frameworks */ = {
			isa = PBXFrameworksBuildPhase;
			buildActionMask = 2147483647;
			files = (
			);
			runOnlyForDeploymentPostprocessing = 0;
		};
/* End PBXFrameworksBuildPhase section */

/* Begin PBXGroup section */
		3F0CE6FA2DBE039400C20C7E = {
			isa = PBXGroup;
			children = (
				3F0CE8B22DBE1CB500C20C7E /* README.md */,
				3F0CE7052DBE039400C20C7E /* Hackers Evolution */,
				3F0CE7142DBE039800C20C7E /* Hackers EvolutionTests */,
				3F0CE71E2DBE039800C20C7E /* Hackers EvolutionUITests */,
				3F0CE7042DBE039400C20C7E /* Products */,
			);
			sourceTree = "<group>";
		};
		3F0CE7042DBE039400C20C7E /* Products */ = {
			isa = PBXGroup;
			children = (
				3F0CE7032DBE039400C20C7E /* Hackers Evolution.app */,
				3F0CE7112DBE039800C20C7E /* Hackers EvolutionTests.xctest */,
				3F0CE71B2DBE039800C20C7E /* Hackers EvolutionUITests.xctest */,
			);
			name = Products;
			sourceTree = "<group>";
		};
/* End PBXGroup section */

/* Begin PBXNativeTarget section */
		3F0CE7022DBE039400C20C7E /* Hackers Evolution */ = {
			isa = PBXNativeTarget;
			buildConfigurationList = 3F0CE7252DBE039800C20C7E /* Build configuration list for PBXNativeTarget "Hackers Evolution" */;
			buildPhases = (
				3F0CE6FF2DBE039400C20C7E /* Sources */,
				3F0CE7002DBE039400C20C7E /* Frameworks */,
				3F0CE7012DBE039400C20C7E /* Resources */,
			);
			buildRules = (
			);
			dependencies = (
			);
			fileSystemSynchronizedGroups = (
				3F0CE7052DBE039400C20C7E /* Hackers Evolution */,
			);
			name = "Hackers Evolution";
			packageProductDependencies = (
				3F0CE72F2DBE03DA00C20C7E /* SwiftyLua */,
				3F0CE7382DBE071B00C20C7E /* CodeEditorView */,
				3F0CE73A2DBE071B00C20C7E /* LanguageSupport */,
			);
			productName = "Hackers Evolution";
			productReference = 3F0CE7032DBE039400C20C7E /* Hackers Evolution.app */;
			productType = "com.apple.product-type.application";
		};
		3F0CE7102DBE039800C20C7E /* Hackers EvolutionTests */ = {
			isa = PBXNativeTarget;
			buildConfigurationList = 3F0CE7282DBE039800C20C7E /* Build configuration list for PBXNativeTarget "Hackers EvolutionTests" */;
			buildPhases = (
				3F0CE70D2DBE039800C20C7E /* Sources */,
				3F0CE70E2DBE039800C20C7E /* Frameworks */,
				3F0CE70F2DBE039800C20C7E /* Resources */,
			);
			buildRules = (
			);
			dependencies = (
				3F0CE7132DBE039800C20C7E /* PBXTargetDependency */,
			);
			fileSystemSynchronizedGroups = (
				3F0CE7142DBE039800C20C7E /* Hackers EvolutionTests */,
			);
			name = "Hackers EvolutionTests";
			packageProductDependencies = (
			);
			productName = "Hackers EvolutionTests";
			productReference = 3F0CE7112DBE039800C20C7E /* Hackers EvolutionTests.xctest */;
			productType = "com.apple.product-type.bundle.unit-test";
		};
		3F0CE71A2DBE039800C20C7E /* Hackers EvolutionUITests */ = {
			isa = PBXNativeTarget;
			buildConfigurationList = 3F0CE72B2DBE039800C20C7E /* Build configuration list for PBXNativeTarget "Hackers EvolutionUITests" */;
			buildPhases = (
				3F0CE7172DBE039800C20C7E /* Sources */,
				3F0CE7182DBE039800C20C7E /* Frameworks */,
				3F0CE7192DBE039800C20C7E /* Resources */,
			);
			buildRules = (
			);
			dependencies = (
				3F0CE71D2DBE039800C20C7E /* PBXTargetDependency */,
			);
			fileSystemSynchronizedGroups = (
				3F0CE71E2DBE039800C20C7E /* Hackers EvolutionUITests */,
			);
			name = "Hackers EvolutionUITests";
			packageProductDependencies = (
			);
			productName = "Hackers EvolutionUITests";
			productReference = 3F0CE71B2DBE039800C20C7E /* Hackers EvolutionUITests.xctest */;
			productType = "com.apple.product-type.bundle.ui-testing";
		};
/* End PBXNativeTarget section */

/* Begin PBXProject section */
		3F0CE6FB2DBE039400C20C7E /* Project object */ = {
			isa = PBXProject;
			attributes = {
				BuildIndependentTargetsInParallel = 1;
				LastSwiftUpdateCheck = 1630;
				LastUpgradeCheck = 1630;
				TargetAttributes = {
					3F0CE7022DBE039400C20C7E = {
						CreatedOnToolsVersion = 16.3;
					};
					3F0CE7102DBE039800C20C7E = {
						CreatedOnToolsVersion = 16.3;
						TestTargetID = 3F0CE7022DBE039400C20C7E;
					};
					3F0CE71A2DBE039800C20C7E = {
						CreatedOnToolsVersion = 16.3;
						TestTargetID = 3F0CE7022DBE039400C20C7E;
					};
				};
			};
			buildConfigurationList = 3F0CE6FE2DBE039400C20C7E /* Build configuration list for PBXProject "Hackers Evolution" */;
			developmentRegion = en;
			hasScannedForEncodings = 0;
			knownRegions = (
				en,
				Base,
			);
			mainGroup = 3F0CE6FA2DBE039400C20C7E;
			minimizedProjectReferenceProxies = 1;
			packageReferences = (
				3F0CE72E2DBE03DA00C20C7E /* XCRemoteSwiftPackageReference "SwiftyLua" */,
				3F0CE7372DBE071B00C20C7E /* XCRemoteSwiftPackageReference "CodeEditorView" */,
			);
			preferredProjectObjectVersion = 77;
			productRefGroup = 3F0CE7042DBE039400C20C7E /* Products */;
			projectDirPath = "";
			projectRoot = "";
			targets = (
				3F0CE7022DBE039400C20C7E /* Hackers Evolution */,
				3F0CE7102DBE039800C20C7E /* Hackers EvolutionTests */,
				3F0CE71A2DBE039800C20C7E /* Hackers EvolutionUITests */,
			);
		};
/* End PBXProject section */

/* Begin PBXResourcesBuildPhase section */
		3F0CE7012DBE039400C20C7E /* Resources */ = {
			isa = PBXResourcesBuildPhase;
			buildActionMask = 2147483647;
			files = (
				3F0CE8B32DBE1CBA00C20C7E /* README.md in Resources */,
			);
			runOnlyForDeploymentPostprocessing = 0;
		};
		3F0CE70F2DBE039800C20C7E /* Resources */ = {
			isa = PBXResourcesBuildPhase;
			buildActionMask = 2147483647;
			files = (
			);
			runOnlyForDeploymentPostprocessing = 0;
		};
		3F0CE7192DBE039800C20C7E /* Resources */ = {
			isa = PBXResourcesBuildPhase;
			buildActionMask = 2147483647;
			files = (
			);
			runOnlyForDeploymentPostprocessing = 0;
		};
/* End PBXResourcesBuildPhase section */

/* Begin PBXSourcesBuildPhase section */
		3F0CE6FF2DBE039400C20C7E /* Sources */ = {
			isa = PBXSourcesBuildPhase;
			buildActionMask = 2147483647;
			files = (
			);
			runOnlyForDeploymentPostprocessing = 0;
		};
		3F0CE70D2DBE039800C20C7E /* Sources */ = {
			isa = PBXSourcesBuildPhase;
			buildActionMask = 2147483647;
			files = (
			);
			runOnlyForDeploymentPostprocessing = 0;
		};
		3F0CE7172DBE039800C20C7E /* Sources */ = {
			isa = PBXSourcesBuildPhase;
			buildActionMask = 2147483647;
			files = (
			);
			runOnlyForDeploymentPostprocessing = 0;
		};
/* End PBXSourcesBuildPhase section */

/* Begin PBXTargetDependency section */
		3F0CE7132DBE039800C20C7E /* PBXTargetDependency */ = {
			isa = PBXTargetDependency;
			target = 3F0CE7022DBE039400C20C7E /* Hackers Evolution */;
			targetProxy = 3F0CE7122DBE039800C20C7E /* PBXContainerItemProxy */;
		};
		3F0CE71D2DBE039800C20C7E /* PBXTargetDependency */ = {
			isa = PBXTargetDependency;
			target = 3F0CE7022DBE039400C20C7E /* Hackers Evolution */;
			targetProxy = 3F0CE71C2DBE039800C20C7E /* PBXContainerItemProxy */;
		};
/* End PBXTargetDependency section */

/* Begin XCBuildConfiguration section */
		3F0CE7232DBE039800C20C7E /* Debug */ = {
			isa = XCBuildConfiguration;
			buildSettings = {
				ALWAYS_SEARCH_USER_PATHS = NO;
				ASSETCATALOG_COMPILER_GENERATE_SWIFT_ASSET_SYMBOL_EXTENSIONS = YES;
				CLANG_ANALYZER_NONNULL = YES;
				CLANG_ANALYZER_NUMBER_OBJECT_CONVERSION = YES_AGGRESSIVE;
				CLANG_CXX_LANGUAGE_STANDARD = "gnu++20";
				CLANG_ENABLE_MODULES = YES;
				CLANG_ENABLE_OBJC_ARC = YES;
				CLANG_ENABLE_OBJC_WEAK = YES;
				CLANG_WARN_BLOCK_CAPTURE_AUTORELEASING = YES;
				CLANG_WARN_BOOL_CONVERSION = YES;
				CLANG_WARN_COMMA = YES;
				CLANG_WARN_CONSTANT_CONVERSION = YES;
				CLANG_WARN_DEPRECATED_OBJC_IMPLEMENTATIONS = YES;
				CLANG_WARN_DIRECT_OBJC_ISA_USAGE = YES_ERROR;
				CLANG_WARN_DOCUMENTATION_COMMENTS = YES;
				CLANG_WARN_EMPTY_BODY = YES;
				CLANG_WARN_ENUM_CONVERSION = YES;
				CLANG_WARN_INFINITE_RECURSION = YES;
				CLANG_WARN_INT_CONVERSION = YES;
				CLANG_WARN_NON_LITERAL_NULL_CONVERSION = YES;
				CLANG_WARN_OBJC_IMPLICIT_RETAIN_SELF = YES;
				CLANG_WARN_OBJC_LITERAL_CONVERSION = YES;
				CLANG_WARN_OBJC_ROOT_CLASS = YES_ERROR;
				CLANG_WARN_QUOTED_INCLUDE_IN_FRAMEWORK_HEADER = YES;
				CLANG_WARN_RANGE_LOOP_ANALYSIS = YES;
				CLANG_WARN_STRICT_PROTOTYPES = YES;
				CLANG_WARN_SUSPICIOUS_MOVE = YES;
				CLANG_WARN_UNGUARDED_AVAILABILITY = YES_AGGRESSIVE;
				CLANG_WARN_UNREACHABLE_CODE = YES;
				CLANG_WARN__DUPLICATE_METHOD_MATCH = YES;
				COPY_PHASE_STRIP = NO;
				DEBUG_INFORMATION_FORMAT = dwarf;
				DEVELOPMENT_TEAM = EHM929N34N;
				ENABLE_STRICT_OBJC_MSGSEND = YES;
				ENABLE_TESTABILITY = YES;
				ENABLE_USER_SCRIPT_SANDBOXING = YES;
				GCC_C_LANGUAGE_STANDARD = gnu17;
				GCC_DYNAMIC_NO_PIC = NO;
				GCC_NO_COMMON_BLOCKS = YES;
				GCC_OPTIMIZATION_LEVEL = 0;
				GCC_PREPROCESSOR_DEFINITIONS = (
					"DEBUG=1",
					"$(inherited)",
				);
				GCC_WARN_64_TO_32_BIT_CONVERSION = YES;
				GCC_WARN_ABOUT_RETURN_TYPE = YES_ERROR;
				GCC_WARN_UNDECLARED_SELECTOR = YES;
				GCC_WARN_UNINITIALIZED_AUTOS = YES_AGGRESSIVE;
				GCC_WARN_UNUSED_FUNCTION = YES;
				GCC_WARN_UNUSED_VARIABLE = YES;
				LOCALIZATION_PREFERS_STRING_CATALOGS = YES;
				MTL_ENABLE_DEBUG_INFO = INCLUDE_SOURCE;
				MTL_FAST_MATH = YES;
				ONLY_ACTIVE_ARCH = YES;
				SWIFT_ACTIVE_COMPILATION_CONDITIONS = "DEBUG $(inherited)";
				SWIFT_OPTIMIZATION_LEVEL = "-Onone";
			};
			name = Debug;
		};
		3F0CE7242DBE039800C20C7E /* Release */ = {
			isa = XCBuildConfiguration;
			buildSettings = {
				ALWAYS_SEARCH_USER_PATHS = NO;
				ASSETCATALOG_COMPILER_GENERATE_SWIFT_ASSET_SYMBOL_EXTENSIONS = YES;
				CLANG_ANALYZER_NONNULL = YES;
				CLANG_ANALYZER_NUMBER_OBJECT_CONVERSION = YES_AGGRESSIVE;
				CLANG_CXX_LANGUAGE_STANDARD = "gnu++20";
				CLANG_ENABLE_MODULES = YES;
				CLANG_ENABLE_OBJC_ARC = YES;
				CLANG_ENABLE_OBJC_WEAK = YES;
				CLANG_WARN_BLOCK_CAPTURE_AUTORELEASING = YES;
				CLANG_WARN_BOOL_CONVERSION = YES;
				CLANG_WARN_COMMA = YES;
				CLANG_WARN_CONSTANT_CONVERSION = YES;
				CLANG_WARN_DEPRECATED_OBJC_IMPLEMENTATIONS = YES;
				CLANG_WARN_DIRECT_OBJC_ISA_USAGE = YES_ERROR;
				CLANG_WARN_DOCUMENTATION_COMMENTS = YES;
				CLANG_WARN_EMPTY_BODY = YES;
				CLANG_WARN_ENUM_CONVERSION = YES;
				CLANG_WARN_INFINITE_RECURSION = YES;
				CLANG_WARN_INT_CONVERSION = YES;
				CLANG_WARN_NON_LITERAL_NULL_CONVERSION = YES;
				CLANG_WARN_OBJC_IMPLICIT_RETAIN_SELF = YES;
				CLANG_WARN_OBJC_LITERAL_CONVERSION = YES;
				CLANG_WARN_OBJC_ROOT_CLASS = YES_ERROR;
				CLANG_WARN_QUOTED_INCLUDE_IN_FRAMEWORK_HEADER = YES;
				CLANG_WARN_RANGE_LOOP_ANALYSIS = YES;
				CLANG_WARN_STRICT_PROTOTYPES = YES;
				CLANG_WARN_SUSPICIOUS_MOVE = YES;
				CLANG_WARN_UNGUARDED_AVAILABILITY = YES_AGGRESSIVE;
				CLANG_WARN_UNREACHABLE_CODE = YES;
				CLANG_WARN__DUPLICATE_METHOD_MATCH = YES;
				COPY_PHASE_STRIP = NO;
				DEBUG_INFORMATION_FORMAT = "dwarf-with-dsym";
				DEVELOPMENT_TEAM = EHM929N34N;
				ENABLE_NS_ASSERTIONS = NO;
				ENABLE_STRICT_OBJC_MSGSEND = YES;
				ENABLE_USER_SCRIPT_SANDBOXING = YES;
				GCC_C_LANGUAGE_STANDARD = gnu17;
				GCC_NO_COMMON_BLOCKS = YES;
				GCC_WARN_64_TO_32_BIT_CONVERSION = YES;
				GCC_WARN_ABOUT_RETURN_TYPE = YES_ERROR;
				GCC_WARN_UNDECLARED_SELECTOR = YES;
				GCC_WARN_UNINITIALIZED_AUTOS = YES_AGGRESSIVE;
				GCC_WARN_UNUSED_FUNCTION = YES;
				GCC_WARN_UNUSED_VARIABLE = YES;
				LOCALIZATION_PREFERS_STRING_CATALOGS = YES;
				MTL_ENABLE_DEBUG_INFO = NO;
				MTL_FAST_MATH = YES;
				SWIFT_COMPILATION_MODE = wholemodule;
			};
			name = Release;
		};
		3F0CE7262DBE039800C20C7E /* Debug */ = {
			isa = XCBuildConfiguration;
			buildSettings = {
				ASSETCATALOG_COMPILER_APPICON_NAME = AppIcon;
				ASSETCATALOG_COMPILER_GLOBAL_ACCENT_COLOR_NAME = AccentColor;
				CODE_SIGN_ENTITLEMENTS = "Hackers Evolution/Hackers_Evolution.entitlements";
				CODE_SIGN_STYLE = Automatic;
				CURRENT_PROJECT_VERSION = 1;
				DEVELOPMENT_TEAM = EHM929N34N;
				ENABLE_HARDENED_RUNTIME = YES;
				ENABLE_PREVIEWS = YES;
				GENERATE_INFOPLIST_FILE = YES;
				"INFOPLIST_KEY_UIApplicationSceneManifest_Generation[sdk=iphoneos*]" = YES;
				"INFOPLIST_KEY_UIApplicationSceneManifest_Generation[sdk=iphonesimulator*]" = YES;
				"INFOPLIST_KEY_UIApplicationSupportsIndirectInputEvents[sdk=iphoneos*]" = YES;
				"INFOPLIST_KEY_UIApplicationSupportsIndirectInputEvents[sdk=iphonesimulator*]" = YES;
				"INFOPLIST_KEY_UILaunchScreen_Generation[sdk=iphoneos*]" = YES;
				"INFOPLIST_KEY_UILaunchScreen_Generation[sdk=iphonesimulator*]" = YES;
				"INFOPLIST_KEY_UIStatusBarStyle[sdk=iphoneos*]" = UIStatusBarStyleDefault;
				"INFOPLIST_KEY_UIStatusBarStyle[sdk=iphonesimulator*]" = UIStatusBarStyleDefault;
				INFOPLIST_KEY_UISupportedInterfaceOrientations_iPad = "UIInterfaceOrientationPortrait UIInterfaceOrientationPortraitUpsideDown UIInterfaceOrientationLandscapeLeft UIInterfaceOrientationLandscapeRight";
				INFOPLIST_KEY_UISupportedInterfaceOrientations_iPhone = "UIInterfaceOrientationPortrait UIInterfaceOrientationLandscapeLeft UIInterfaceOrientationLandscapeRight";
				IPHONEOS_DEPLOYMENT_TARGET = 18.4;
				LD_RUNPATH_SEARCH_PATHS = "@executable_path/Frameworks";
				"LD_RUNPATH_SEARCH_PATHS[sdk=macosx*]" = "@executable_path/../Frameworks";
				MACOSX_DEPLOYMENT_TARGET = 15.3;
				MARKETING_VERSION = 1.0;
				PRODUCT_BUNDLE_IDENTIFIER = "net.baurhome.Hackers-Evolution";
				PRODUCT_NAME = "$(TARGET_NAME)";
				REGISTER_APP_GROUPS = YES;
				SDKROOT = auto;
				SUPPORTED_PLATFORMS = "iphoneos iphonesimulator macosx xros xrsimulator";
				SWIFT_EMIT_LOC_STRINGS = YES;
				SWIFT_VERSION = 5.0;
				TARGETED_DEVICE_FAMILY = "1,2,7";
				XROS_DEPLOYMENT_TARGET = 2.4;
			};
			name = Debug;
		};
		3F0CE7272DBE039800C20C7E /* Release */ = {
			isa = XCBuildConfiguration;
			buildSettings = {
				ASSETCATALOG_COMPILER_APPICON_NAME = AppIcon;
				ASSETCATALOG_COMPILER_GLOBAL_ACCENT_COLOR_NAME = AccentColor;
				CODE_SIGN_ENTITLEMENTS = "Hackers Evolution/Hackers_Evolution.entitlements";
				CODE_SIGN_STYLE = Automatic;
				CURRENT_PROJECT_VERSION = 1;
				DEVELOPMENT_TEAM = EHM929N34N;
				ENABLE_HARDENED_RUNTIME = YES;
				ENABLE_PREVIEWS = YES;
				GENERATE_INFOPLIST_FILE = YES;
				"INFOPLIST_KEY_UIApplicationSceneManifest_Generation[sdk=iphoneos*]" = YES;
				"INFOPLIST_KEY_UIApplicationSceneManifest_Generation[sdk=iphonesimulator*]" = YES;
				"INFOPLIST_KEY_UIApplicationSupportsIndirectInputEvents[sdk=iphoneos*]" = YES;
				"INFOPLIST_KEY_UIApplicationSupportsIndirectInputEvents[sdk=iphonesimulator*]" = YES;
				"INFOPLIST_KEY_UILaunchScreen_Generation[sdk=iphoneos*]" = YES;
				"INFOPLIST_KEY_UILaunchScreen_Generation[sdk=iphonesimulator*]" = YES;
				"INFOPLIST_KEY_UIStatusBarStyle[sdk=iphoneos*]" = UIStatusBarStyleDefault;
				"INFOPLIST_KEY_UIStatusBarStyle[sdk=iphonesimulator*]" = UIStatusBarStyleDefault;
				INFOPLIST_KEY_UISupportedInterfaceOrientations_iPad = "UIInterfaceOrientationPortrait UIInterfaceOrientationPortraitUpsideDown UIInterfaceOrientationLandscapeLeft UIInterfaceOrientationLandscapeRight";
				INFOPLIST_KEY_UISupportedInterfaceOrientations_iPhone = "UIInterfaceOrientationPortrait UIInterfaceOrientationLandscapeLeft UIInterfaceOrientationLandscapeRight";
				IPHONEOS_DEPLOYMENT_TARGET = 18.4;
				LD_RUNPATH_SEARCH_PATHS = "@executable_path/Frameworks";
				"LD_RUNPATH_SEARCH_PATHS[sdk=macosx*]" = "@executable_path/../Frameworks";
				MACOSX_DEPLOYMENT_TARGET = 15.3;
				MARKETING_VERSION = 1.0;
				PRODUCT_BUNDLE_IDENTIFIER = "net.baurhome.Hackers-Evolution";
				PRODUCT_NAME = "$(TARGET_NAME)";
				REGISTER_APP_GROUPS = YES;
				SDKROOT = auto;
				SUPPORTED_PLATFORMS = "iphoneos iphonesimulator macosx xros xrsimulator";
				SWIFT_EMIT_LOC_STRINGS = YES;
				SWIFT_VERSION = 5.0;
				TARGETED_DEVICE_FAMILY = "1,2,7";
				XROS_DEPLOYMENT_TARGET = 2.4;
			};
			name = Release;
		};
		3F0CE7292DBE039800C20C7E /* Debug */ = {
			isa = XCBuildConfiguration;
			buildSettings = {
				BUNDLE_LOADER = "$(TEST_HOST)";
				CODE_SIGN_STYLE = Automatic;
				CURRENT_PROJECT_VERSION = 1;
				DEVELOPMENT_TEAM = EHM929N34N;
				GENERATE_INFOPLIST_FILE = YES;
				IPHONEOS_DEPLOYMENT_TARGET = 18.4;
				MACOSX_DEPLOYMENT_TARGET = 15.3;
				MARKETING_VERSION = 1.0;
				PRODUCT_BUNDLE_IDENTIFIER = "net.baurhome.Hackers-EvolutionTests";
				PRODUCT_NAME = "$(TARGET_NAME)";
				SDKROOT = auto;
				SUPPORTED_PLATFORMS = "iphoneos iphonesimulator macosx xros xrsimulator";
				SWIFT_EMIT_LOC_STRINGS = NO;
				SWIFT_VERSION = 5.0;
				TARGETED_DEVICE_FAMILY = "1,2,7";
				TEST_HOST = "$(BUILT_PRODUCTS_DIR)/Hackers Evolution.app/$(BUNDLE_EXECUTABLE_FOLDER_PATH)/Hackers Evolution";
				XROS_DEPLOYMENT_TARGET = 2.4;
			};
			name = Debug;
		};
		3F0CE72A2DBE039800C20C7E /* Release */ = {
			isa = XCBuildConfiguration;
			buildSettings = {
				BUNDLE_LOADER = "$(TEST_HOST)";
				CODE_SIGN_STYLE = Automatic;
				CURRENT_PROJECT_VERSION = 1;
				DEVELOPMENT_TEAM = EHM929N34N;
				GENERATE_INFOPLIST_FILE = YES;
				IPHONEOS_DEPLOYMENT_TARGET = 18.4;
				MACOSX_DEPLOYMENT_TARGET = 15.3;
				MARKETING_VERSION = 1.0;
				PRODUCT_BUNDLE_IDENTIFIER = "net.baurhome.Hackers-EvolutionTests";
				PRODUCT_NAME = "$(TARGET_NAME)";
				SDKROOT = auto;
				SUPPORTED_PLATFORMS = "iphoneos iphonesimulator macosx xros xrsimulator";
				SWIFT_EMIT_LOC_STRINGS = NO;
				SWIFT_VERSION = 5.0;
				TARGETED_DEVICE_FAMILY = "1,2,7";
				TEST_HOST = "$(BUILT_PRODUCTS_DIR)/Hackers Evolution.app/$(BUNDLE_EXECUTABLE_FOLDER_PATH)/Hackers Evolution";
				XROS_DEPLOYMENT_TARGET = 2.4;
			};
			name = Release;
		};
		3F0CE72C2DBE039800C20C7E /* Debug */ = {
			isa = XCBuildConfiguration;
			buildSettings = {
				CODE_SIGN_STYLE = Automatic;
				CURRENT_PROJECT_VERSION = 1;
				DEVELOPMENT_TEAM = EHM929N34N;
				GENERATE_INFOPLIST_FILE = YES;
				IPHONEOS_DEPLOYMENT_TARGET = 18.4;
				MACOSX_DEPLOYMENT_TARGET = 15.3;
				MARKETING_VERSION = 1.0;
				PRODUCT_BUNDLE_IDENTIFIER = "net.baurhome.Hackers-EvolutionUITests";
				PRODUCT_NAME = "$(TARGET_NAME)";
				SDKROOT = auto;
				SUPPORTED_PLATFORMS = "iphoneos iphonesimulator macosx xros xrsimulator";
				SWIFT_EMIT_LOC_STRINGS = NO;
				SWIFT_VERSION = 5.0;
				TARGETED_DEVICE_FAMILY = "1,2,7";
				TEST_TARGET_NAME = "Hackers Evolution";
				XROS_DEPLOYMENT_TARGET = 2.4;
			};
			name = Debug;
		};
		3F0CE72D2DBE039800C20C7E /* Release */ = {
			isa = XCBuildConfiguration;
			buildSettings = {
				CODE_SIGN_STYLE = Automatic;
				CURRENT_PROJECT_VERSION = 1;
				DEVELOPMENT_TEAM = EHM929N34N;
				GENERATE_INFOPLIST_FILE = YES;
				IPHONEOS_DEPLOYMENT_TARGET = 18.4;
				MACOSX_DEPLOYMENT_TARGET = 15.3;
				MARKETING_VERSION = 1.0;
				PRODUCT_BUNDLE_IDENTIFIER = "net.baurhome.Hackers-EvolutionUITests";
				PRODUCT_NAME = "$(TARGET_NAME)";
				SDKROOT = auto;
				SUPPORTED_PLATFORMS = "iphoneos iphonesimulator macosx xros xrsimulator";
				SWIFT_EMIT_LOC_STRINGS = NO;
				SWIFT_VERSION = 5.0;
				TARGETED_DEVICE_FAMILY = "1,2,7";
				TEST_TARGET_NAME = "Hackers Evolution";
				XROS_DEPLOYMENT_TARGET = 2.4;
			};
			name = Release;
		};
/* End XCBuildConfiguration section */

/* Begin XCConfigurationList section */
		3F0CE6FE2DBE039400C20C7E /* Build configuration list for PBXProject "Hackers Evolution" */ = {
			isa = XCConfigurationList;
			buildConfigurations = (
				3F0CE7232DBE039800C20C7E /* Debug */,
				3F0CE7242DBE039800C20C7E /* Release */,
			);
			defaultConfigurationIsVisible = 0;
			defaultConfigurationName = Release;
		};
		3F0CE7252DBE039800C20C7E /* Build configuration list for PBXNativeTarget "Hackers Evolution" */ = {
			isa = XCConfigurationList;
			buildConfigurations = (
				3F0CE7262DBE039800C20C7E /* Debug */,
				3F0CE7272DBE039800C20C7E /* Release */,
			);
			defaultConfigurationIsVisible = 0;
			defaultConfigurationName = Release;
		};
		3F0CE7282DBE039800C20C7E /* Build configuration list for PBXNativeTarget "Hackers EvolutionTests" */ = {
			isa = XCConfigurationList;
			buildConfigurations = (
				3F0CE7292DBE039800C20C7E /* Debug */,
				3F0CE72A2DBE039800C20C7E /* Release */,
			);
			defaultConfigurationIsVisible = 0;
			defaultConfigurationName = Release;
		};
		3F0CE72B2DBE039800C20C7E /* Build configuration list for PBXNativeTarget "Hackers EvolutionUITests" */ = {
			isa = XCConfigurationList;
			buildConfigurations = (
				3F0CE72C2DBE039800C20C7E /* Debug */,
				3F0CE72D2DBE039800C20C7E /* Release */,
			);
			defaultConfigurationIsVisible = 0;
			defaultConfigurationName = Release;
		};
/* End XCConfigurationList section */

/* Begin XCRemoteSwiftPackageReference section */
		3F0CE72E2DBE03DA00C20C7E /* XCRemoteSwiftPackageReference "SwiftyLua" */ = {
			isa = XCRemoteSwiftPackageReference;
			repositoryURL = "https://github.com/SwiftyLua/SwiftyLua";
			requirement = {
				branch = main;
				kind = branch;
			};
		};
		3F0CE7372DBE071B00C20C7E /* XCRemoteSwiftPackageReference "CodeEditorView" */ = {
			isa = XCRemoteSwiftPackageReference;
			repositoryURL = "https://github.com/mchakravarty/CodeEditorView";
			requirement = {
				kind = upToNextMajorVersion;
				minimumVersion = 0.15.4;
			};
		};
/* End XCRemoteSwiftPackageReference section */

/* Begin XCSwiftPackageProductDependency section */
		3F0CE72F2DBE03DA00C20C7E /* SwiftyLua */ = {
			isa = XCSwiftPackageProductDependency;
			package = 3F0CE72E2DBE03DA00C20C7E /* XCRemoteSwiftPackageReference "SwiftyLua" */;
			productName = SwiftyLua;
		};
		3F0CE7382DBE071B00C20C7E /* CodeEditorView */ = {
			isa = XCSwiftPackageProductDependency;
			package = 3F0CE7372DBE071B00C20C7E /* XCRemoteSwiftPackageReference "CodeEditorView" */;
			productName = CodeEditorView;
		};
		3F0CE73A2DBE071B00C20C7E /* LanguageSupport */ = {
			isa = XCSwiftPackageProductDependency;
			package = 3F0CE7372DBE071B00C20C7E /* XCRemoteSwiftPackageReference "CodeEditorView" */;
			productName = LanguageSupport;
		};
/* End XCSwiftPackageProductDependency section */
	};
	rootObject = 3F0CE6FB2DBE039400C20C7E /* Project object */;
}
